
Microsoft Visual Studio Solution File, Format Version 12.00
# Visual Studio Version 16
VisualStudioVersion = 16.0.30611.23
MinimumVisualStudioVersion = 10.0.40219.1
Project("{FAE04EC0-301F-11D3-BF4B-00C04F79EFBC}") = "Mezei_Dragos_Lab2", "Mezei_Dragos_Lab2\Mezei_Dragos_Lab2.csproj", "{E413AB44-AD73-4AC7-9E8E-B1861D889637}"
EndProject
Global
	GlobalSection(SolutionConfigurationPlatforms) = preSolution
		Debug|Any CPU = Debug|Any CPU
		Release|Any CPU = Release|Any CPU
	EndGlobalSection
	GlobalSection(ProjectConfigurationPlatforms) = postSolution
		{E413AB44-AD73-4AC7-9E8E-B1861D889637}.Debug|Any CPU.ActiveCfg = Debug|Any CPU
		{E413AB44-AD73-4AC7-9E8E-B1861D889637}.Debug|Any CPU.Build.0 = Debug|Any CPU
		{E413AB44-AD73-4AC7-9E8E-B1861D889637}.Release|Any CPU.ActiveCfg = Release|Any CPU
		{E413AB44-AD73-4AC7-9E8E-B1861D889637}.Release|Any CPU.Build.0 = Release|Any CPU
	EndGlobalSection
	GlobalSection(SolutionProperties) = preSolution
		HideSolutionNode = FALSE
	EndGlobalSection
	GlobalSection(ExtensibilityGlobals) = postSolution
		SolutionGuid = {52ABCC0C-F68C-4232-BC20-7737AAF6BE8F}
	EndGlobalSection
EndGlobal
